
Microsoft Visual Studio Solution File, Format Version 12.00
# Visual Studio Version 16
VisualStudioVersion = 16.0.29326.143
MinimumVisualStudioVersion = 10.0.40219.1
Project("{FAE04EC0-301F-11D3-BF4B-00C04F79EFBC}") = "WindowsFormsApp8", "WindowsFormsApp8\WindowsFormsApp8.csproj", "{EDBCA626-EEFA-4087-811F-5E3205E7BEAC}"
EndProject
Global
	GlobalSection(SolutionConfigurationPlatforms) = preSolution
		Debug|Any CPU = Debug|Any CPU
		Release|Any CPU = Release|Any CPU
	EndGlobalSection
	GlobalSection(ProjectConfigurationPlatforms) = postSolution
		{EDBCA626-EEFA-4087-811F-5E3205E7BEAC}.Debug|Any CPU.ActiveCfg = Debug|Any CPU
		{EDBCA626-EEFA-4087-811F-5E3205E7BEAC}.Debug|Any CPU.Build.0 = Debug|Any CPU
		{EDBCA626-EEFA-4087-811F-5E3205E7BEAC}.Release|Any CPU.ActiveCfg = Release|Any CPU
		{EDBCA626-EEFA-4087-811F-5E3205E7BEAC}.Release|Any CPU.Build.0 = Release|Any CPU
	EndGlobalSection
	GlobalSection(SolutionProperties) = preSolution
		HideSolutionNode = FALSE
	EndGlobalSection
	GlobalSection(ExtensibilityGlobals) = postSolution
		SolutionGuid = {19CA7445-B761-4DDA-B256-2FAEB40D143D}
	EndGlobalSection
EndGlobal
